
Microsoft Visual Studio Solution File, Format Version 11.00
# Visual Studio 2010
Project("{FAE04EC0-301F-11D3-BF4B-00C04F79EFBC}") = "Eli", "Assembly-CSharp.csproj", "{7E9A7777-5801-81B5-FD63-0EB314E53DFC}"
EndProject
Global
	GlobalSection(SolutionConfigurationPlatforms) = preSolution
		Debug|Any CPU = Debug|Any CPU
		Release|Any CPU = Release|Any CPU
	EndGlobalSection
	GlobalSection(ProjectConfigurationPlatforms) = postSolution
		{7E9A7777-5801-81B5-FD63-0EB314E53DFC}.Debug|Any CPU.ActiveCfg = Debug|Any CPU
		{7E9A7777-5801-81B5-FD63-0EB314E53DFC}.Debug|Any CPU.Build.0 = Debug|Any CPU
		{7E9A7777-5801-81B5-FD63-0EB314E53DFC}.Release|Any CPU.ActiveCfg = Release|Any CPU
		{7E9A7777-5801-81B5-FD63-0EB314E53DFC}.Release|Any CPU.Build.0 = Release|Any CPU
	EndGlobalSection
	GlobalSection(SolutionProperties) = preSolution
		HideSolutionNode = FALSE
	EndGlobalSection
	GlobalSection(MonoDevelopProperties) = preSolution
		StartupItem = Assembly-CSharp.csproj
	EndGlobalSection
EndGlobal
